# THIS IS AN AUTOGENERATED FILE. DO NOT EDIT THIS FILE DIRECTLY.
# yarn lockfile v1


"@socket.io/base64-arraybuffer@~1.0.2":
  version "1.0.2"
  resolved "https://registry.yarnpkg.com/@socket.io/base64-arraybuffer/-/base64-arraybuffer-1.0.2.tgz#568d9beae00b0d835f4f8c53fd55714986492e61"

"@types/component-emitter@^1.2.10":
  version "1.2.11"
  resolved "https://registry.yarnpkg.com/@types/component-emitter/-/component-emitter-1.2.11.tgz#50d47d42b347253817a39709fef03ce66a108506"

"@types/cookie@^0.4.1":
  version "0.4.1"
  resolved "https://registry.yarnpkg.com/@types/cookie/-/cookie-0.4.1.tgz#bfd02c1f2224567676c1545199f87c3a861d878d"

"@types/cors@^2.8.12":
  version "2.8.12"
  resolved "https://registry.yarnpkg.com/@types/cors/-/cors-2.8.12.tgz#6b2c510a7ad7039e98e7b8d3d6598f4359e5c080"

"@types/node@>=10.0.0":
  version "17.0.17"
  resolved "https://registry.yarnpkg.com/@types/node/-/node-17.0.17.tgz#a8ddf6e0c2341718d74ee3dc413a13a042c45a0c"

accepts@~1.3.4:
  version "1.3.5"
  resolved "https://registry.yarnpkg.com/accepts/-/accepts-1.3.5.tgz#eb777df6011723a3b14e8a72c0805c8e86746bd2"
  dependencies:
    mime-types "~2.1.18"
    negotiator "0.6.1"

ansi-regex@^5.0.1:
  version "5.0.1"
  resolved "https://registry.yarnpkg.com/ansi-regex/-/ansi-regex-5.0.1.tgz#082cb2c89c9fe8659a311a53bd6a4dc5301db304"

ansi-styles@^4.0.0:
  version "4.3.0"
  resolved "https://registry.yarnpkg.com/ansi-styles/-/ansi-styles-4.3.0.tgz#edd803628ae71c04c85ae7a0906edad34b648937"
  dependencies:
    color-convert "^2.0.1"

anymatch@~3.1.2:
  version "3.1.2"
  resolved "https://registry.yarnpkg.com/anymatch/-/anymatch-3.1.2.tgz#c0557c096af32f106198f4f4e2a383537e378716"
  dependencies:
    normalize-path "^3.0.0"
    picomatch "^2.0.4"

balanced-match@^1.0.0:
  version "1.0.0"
  resolved "https://registry.yarnpkg.com/balanced-match/-/balanced-match-1.0.0.tgz#89b4d199ab2bee49de164ea02b89ce462d71b767"

base64id@2.0.0, base64id@~2.0.0:
  version "2.0.0"
  resolved "https://registry.yarnpkg.com/base64id/-/base64id-2.0.0.tgz#2770ac6bc47d312af97a8bf9a634342e0cd25cb6"

binary-extensions@^2.0.0:
  version "2.2.0"
  resolved "https://registry.yarnpkg.com/binary-extensions/-/binary-extensions-2.2.0.tgz#75f502eeaf9ffde42fc98829645be4ea76bd9e2d"

body-parser@^1.19.0:
  version "1.19.1"
  resolved "https://registry.yarnpkg.com/body-parser/-/body-parser-1.19.1.tgz#1499abbaa9274af3ecc9f6f10396c995943e31d4"
  dependencies:
    bytes "3.1.1"
    content-type "~1.0.4"
    debug "2.6.9"
    depd "~1.1.2"
    http-errors "1.8.1"
    iconv-lite "0.4.24"
    on-finished "~2.3.0"
    qs "6.9.6"
    raw-body "2.4.2"
    type-is "~1.6.18"

brace-expansion@^1.1.7:
  version "1.1.11"
  resolved "https://registry.yarnpkg.com/brace-expansion/-/brace-expansion-1.1.11.tgz#3c7fcbf529d87226f3d2f52b966ff5271eb441dd"
  dependencies:
    balanced-match "^1.0.0"
    concat-map "0.0.1"

braces@^3.0.2, braces@~3.0.2:
  version "3.0.2"
  resolved "https://registry.yarnpkg.com/braces/-/braces-3.0.2.tgz#3454e1a462ee8d599e236df336cd9ea4f8afe107"
  dependencies:
    fill-range "^7.0.1"

bytes@3.1.1:
  version "3.1.1"
  resolved "https://registry.yarnpkg.com/bytes/-/bytes-3.1.1.tgz#3f018291cb4cbad9accb6e6970bca9c8889e879a"

chokidar@^3.5.1:
  version "3.5.3"
  resolved "https://registry.yarnpkg.com/chokidar/-/chokidar-3.5.3.tgz#1cf37c8707b932bd1af1ae22c0432e2acd1903bd"
  dependencies:
    anymatch "~3.1.2"
    braces "~3.0.2"
    glob-parent "~5.1.2"
    is-binary-path "~2.1.0"
    is-glob "~4.0.1"
    normalize-path "~3.0.0"
    readdirp "~3.6.0"
  optionalDependencies:
    fsevents "~2.3.2"

cliui@^7.0.2:
  version "7.0.4"
  resolved "https://registry.yarnpkg.com/cliui/-/cliui-7.0.4.tgz#a0265ee655476fc807aea9df3df8df7783808b4f"
  dependencies:
    string-width "^4.2.0"
    strip-ansi "^6.0.0"
    wrap-ansi "^7.0.0"

color-convert@^2.0.1:
  version "2.0.1"
  resolved "https://registry.yarnpkg.com/color-convert/-/color-convert-2.0.1.tgz#72d3a68d598c9bdb3af2ad1e84f21d896abd4de3"
  dependencies:
    color-name "~1.1.4"

color-name@~1.1.4:
  version "1.1.4"
  resolved "https://registry.yarnpkg.com/color-name/-/color-name-1.1.4.tgz#c2a09a87acbde69543de6f63fa3995c826c536a2"

colors@1.4.0:
  version "1.4.0"
  resolved "https://registry.yarnpkg.com/colors/-/colors-1.4.0.tgz#c50491479d4c1bdaed2c9ced32cf7c7dc2360f78"

component-emitter@~1.3.0:
  version "1.3.0"
  resolved "https://registry.yarnpkg.com/component-emitter/-/component-emitter-1.3.0.tgz#16e4070fba8ae29b679f2215853ee181ab2eabc0"

concat-map@0.0.1:
  version "0.0.1"
  resolved "https://registry.yarnpkg.com/concat-map/-/concat-map-0.0.1.tgz#d8a96bd77fd68df7793a73036a3ba0d5405d477b"

connect@^3.7.0:
  version "3.7.0"
  resolved "https://registry.yarnpkg.com/connect/-/connect-3.7.0.tgz#5d49348910caa5e07a01800b030d0c35f20484f8"
  dependencies:
    debug "2.6.9"
    finalhandler "1.1.2"
    parseurl "~1.3.3"
    utils-merge "1.0.1"

content-type@~1.0.4:
  version "1.0.4"
  resolved "https://registry.yarnpkg.com/content-type/-/content-type-1.0.4.tgz#e138cc75e040c727b1966fe5e5f8c9aee256fe3b"

cookie@~0.4.1:
  version "0.4.2"
  resolved "https://registry.yarnpkg.com/cookie/-/cookie-0.4.2.tgz#0e41f24de5ecf317947c82fc789e06a884824432"

cors@~2.8.5:
  version "2.8.5"
  resolved "https://registry.yarnpkg.com/cors/-/cors-2.8.5.tgz#eac11da51592dd86b9f06f6e7ac293b3df875d29"
  dependencies:
    object-assign "^4"
    vary "^1"

custom-event@~1.0.0:
  version "1.0.1"
  resolved "https://registry.yarnpkg.com/custom-event/-/custom-event-1.0.1.tgz#5d02a46850adf1b4a317946a3928fccb5bfd0425"

date-format@^4.0.3:
  version "4.0.3"
  resolved "https://registry.yarnpkg.com/date-format/-/date-format-4.0.3.tgz#f63de5dc08dc02efd8ef32bf2a6918e486f35873"

debug@2.6.9:
  version "2.6.9"
  resolved "https://registry.yarnpkg.com/debug/-/debug-2.6.9.tgz#5d128515df134ff327e90a4c93f4e077a536341f"
  dependencies:
    ms "2.0.0"

debug@^3.1.0:
  version "3.1.0"
  resolved "https://registry.yarnpkg.com/debug/-/debug-3.1.0.tgz#5bb5a0672628b64149566ba16819e61518c67261"
  dependencies:
    ms "2.0.0"

debug@^4.1.1, debug@^4.3.3, debug@~4.3.1, debug@~4.3.2:
  version "4.3.3"
  resolved "https://registry.yarnpkg.com/debug/-/debug-4.3.3.tgz#04266e0b70a98d4462e6e288e38259213332b664"
  dependencies:
    ms "2.1.2"

depd@~1.1.2:
  version "1.1.2"
  resolved "https://registry.yarnpkg.com/depd/-/depd-1.1.2.tgz#9bcd52e14c097763e749b274c4346ed2e560b5a9"

di@^0.0.1:
  version "0.0.1"
  resolved "https://registry.yarnpkg.com/di/-/di-0.0.1.tgz#806649326ceaa7caa3306d75d985ea2748ba913c"

dom-serialize@^2.2.1:
  version "2.2.1"
  resolved "https://registry.yarnpkg.com/dom-serialize/-/dom-serialize-2.2.1.tgz#562ae8999f44be5ea3076f5419dcd59eb43ac95b"
  dependencies:
    custom-event "~1.0.0"
    ent "~2.2.0"
    extend "^3.0.0"
    void-elements "^2.0.0"

ee-first@1.1.1:
  version "1.1.1"
  resolved "https://registry.yarnpkg.com/ee-first/-/ee-first-1.1.1.tgz#590c61156b0ae2f4f0255732a158b266bc56b21d"

emoji-regex@^8.0.0:
  version "8.0.0"
  resolved "https://registry.yarnpkg.com/emoji-regex/-/emoji-regex-8.0.0.tgz#e818fd69ce5ccfcb404594f842963bf53164cc37"

encodeurl@~1.0.2:
  version "1.0.2"
  resolved "https://registry.yarnpkg.com/encodeurl/-/encodeurl-1.0.2.tgz#ad3ff4c86ec2d029322f5a02c3a9a606c95b3f59"

engine.io-parser@~5.0.0:
  version "5.0.3"
  resolved "https://registry.yarnpkg.com/engine.io-parser/-/engine.io-parser-5.0.3.tgz#ca1f0d7b11e290b4bfda251803baea765ed89c09"
  dependencies:
    "@socket.io/base64-arraybuffer" "~1.0.2"

engine.io@~6.1.0:
  version "6.1.2"
  resolved "https://registry.yarnpkg.com/engine.io/-/engine.io-6.1.2.tgz#e7b9d546d90c62246ffcba4d88594be980d3855a"
  dependencies:
    "@types/cookie" "^0.4.1"
    "@types/cors" "^2.8.12"
    "@types/node" ">=10.0.0"
    accepts "~1.3.4"
    base64id "2.0.0"
    cookie "~0.4.1"
    cors "~2.8.5"
    debug "~4.3.1"
    engine.io-parser "~5.0.0"
    ws "~8.2.3"

ent@~2.2.0:
  version "2.2.0"
  resolved "https://registry.yarnpkg.com/ent/-/ent-2.2.0.tgz#e964219325a21d05f44466a2f686ed6ce5f5dd1d"

escalade@^3.1.1:
  version "3.1.1"
  resolved "https://registry.yarnpkg.com/escalade/-/escalade-3.1.1.tgz#d8cfdc7000965c5a0174b4a82eaa5c0552742e40"

escape-html@~1.0.3:
  version "1.0.3"
  resolved "https://registry.yarnpkg.com/escape-html/-/escape-html-1.0.3.tgz#0258eae4d3d0c0974de1c169188ef0051d1d1988"

eventemitter3@^4.0.0:
  version "4.0.7"
  resolved "https://registry.yarnpkg.com/eventemitter3/-/eventemitter3-4.0.7.tgz#2de9b68f6528d5644ef5c59526a1b4a07306169f"

extend@^3.0.0:
  version "3.0.2"
  resolved "https://registry.yarnpkg.com/extend/-/extend-3.0.2.tgz#f8b1136b4071fbd8eb140aff858b1019ec2915fa"

fill-range@^7.0.1:
  version "7.0.1"
  resolved "https://registry.yarnpkg.com/fill-range/-/fill-range-7.0.1.tgz#1919a6a7c75fe38b2c7c77e5198535da9acdda40"
  dependencies:
    to-regex-range "^5.0.1"

finalhandler@1.1.2:
  version "1.1.2"
  resolved "https://registry.yarnpkg.com/finalhandler/-/finalhandler-1.1.2.tgz#b7e7d000ffd11938d0fdb053506f6ebabe9f587d"
  dependencies:
    debug "2.6.9"
    encodeurl "~1.0.2"
    escape-html "~1.0.3"
    on-finished "~2.3.0"
    parseurl "~1.3.3"
    statuses "~1.5.0"
    unpipe "~1.0.0"

flatted@^3.2.4:
  version "3.2.5"
  resolved "https://registry.yarnpkg.com/flatted/-/flatted-3.2.5.tgz#76c8584f4fc843db64702a6bd04ab7a8bd666da3"

follow-redirects@^1.0.0:
  version "1.5.0"
  resolved "https://registry.yarnpkg.com/follow-redirects/-/follow-redirects-1.5.0.tgz#234f49cf770b7f35b40e790f636ceba0c3a0ab77"
  dependencies:
    debug "^3.1.0"

fs-access@^1.0.0:
  version "1.0.1"
  resolved "https://registry.yarnpkg.com/fs-access/-/fs-access-1.0.1.tgz#d6a87f262271cefebec30c553407fb995da8777a"
  dependencies:
    null-check "^1.0.0"

fs-extra@^10.0.0:
  version "10.0.0"
  resolved "https://registry.yarnpkg.com/fs-extra/-/fs-extra-10.0.0.tgz#9ff61b655dde53fb34a82df84bb214ce802e17c1"
  dependencies:
    graceful-fs "^4.2.0"
    jsonfile "^6.0.1"
    universalify "^2.0.0"

fs.realpath@^1.0.0:
  version "1.0.0"
  resolved "https://registry.yarnpkg.com/fs.realpath/-/fs.realpath-1.0.0.tgz#1504ad2523158caa40db4a2787cb01411994ea4f"

fsevents@~2.3.2:
  version "2.3.2"
  resolved "https://registry.yarnpkg.com/fsevents/-/fsevents-2.3.2.tgz#8a526f78b8fdf4623b709e0b975c52c24c02fd1a"

get-caller-file@^2.0.5:
  version "2.0.5"
  resolved "https://registry.yarnpkg.com/get-caller-file/-/get-caller-file-2.0.5.tgz#4f94412a82db32f36e3b0b9741f8a97feb031f7e"

glob-parent@~5.1.2:
  version "5.1.2"
  resolved "https://registry.yarnpkg.com/glob-parent/-/glob-parent-5.1.2.tgz#869832c58034fe68a4093c17dc15e8340d8401c4"
  dependencies:
    is-glob "^4.0.1"

glob@^7.1.3, glob@^7.1.7:
  version "7.2.0"
  resolved "https://registry.yarnpkg.com/glob/-/glob-7.2.0.tgz#d15535af7732e02e948f4c41628bd910293f6023"
  dependencies:
    fs.realpath "^1.0.0"
    inflight "^1.0.4"
    inherits "2"
    minimatch "^3.0.4"
    once "^1.3.0"
    path-is-absolute "^1.0.0"

graceful-fs@^4.1.6, graceful-fs@^4.2.0, graceful-fs@^4.2.6:
  version "4.2.9"
  resolved "https://registry.yarnpkg.com/graceful-fs/-/graceful-fs-4.2.9.tgz#041b05df45755e587a24942279b9d113146e1c96"

http-errors@1.8.1:
  version "1.8.1"
  resolved "https://registry.yarnpkg.com/http-errors/-/http-errors-1.8.1.tgz#7c3f28577cbc8a207388455dbd62295ed07bd68c"
  dependencies:
    depd "~1.1.2"
    inherits "2.0.4"
    setprototypeof "1.2.0"
    statuses ">= 1.5.0 < 2"
    toidentifier "1.0.1"

http-proxy@^1.18.1:
  version "1.18.1"
  resolved "https://registry.yarnpkg.com/http-proxy/-/http-proxy-1.18.1.tgz#401541f0534884bbf95260334e72f88ee3976549"
  dependencies:
    eventemitter3 "^4.0.0"
    follow-redirects "^1.0.0"
    requires-port "^1.0.0"

iconv-lite@0.4.24:
  version "0.4.24"
  resolved "https://registry.yarnpkg.com/iconv-lite/-/iconv-lite-0.4.24.tgz#2022b4b25fbddc21d2f524974a474aafe733908b"
  dependencies:
    safer-buffer ">= 2.1.2 < 3"

inflight@^1.0.4:
  version "1.0.6"
  resolved "https://registry.yarnpkg.com/inflight/-/inflight-1.0.6.tgz#49bd6331d7d02d0c09bc910a1075ba8165b56df9"
  dependencies:
    once "^1.3.0"
    wrappy "1"

inherits@2:
  version "2.0.3"
  resolved "https://registry.yarnpkg.com/inherits/-/inherits-2.0.3.tgz#633c2c83e3da42a502f52466022480f4208261de"

inherits@2.0.4:
  version "2.0.4"
  resolved "https://registry.yarnpkg.com/inherits/-/inherits-2.0.4.tgz#0fa2c64f932917c3433a0ded55363aae37416b7c"

is-binary-path@~2.1.0:
  version "2.1.0"
  resolved "https://registry.yarnpkg.com/is-binary-path/-/is-binary-path-2.1.0.tgz#ea1f7f3b80f064236e83470f86c09c254fb45b09"
  dependencies:
    binary-extensions "^2.0.0"

is-extglob@^2.1.1:
  version "2.1.1"
  resolved "https://registry.yarnpkg.com/is-extglob/-/is-extglob-2.1.1.tgz#a88c02535791f02ed37c76a1b9ea9773c833f8c2"

is-fullwidth-code-point@^3.0.0:
  version "3.0.0"
  resolved "https://registry.yarnpkg.com/is-fullwidth-code-point/-/is-fullwidth-code-point-3.0.0.tgz#f116f8064fe90b3f7844a38997c0b75051269f1d"

is-glob@^4.0.1, is-glob@~4.0.1:
  version "4.0.3"
  resolved "https://registry.yarnpkg.com/is-glob/-/is-glob-4.0.3.tgz#64f61e42cbbb2eec2071a9dac0b28ba1e65d5084"
  dependencies:
    is-extglob "^2.1.1"

is-number@^7.0.0:
  version "7.0.0"
  resolved "https://registry.yarnpkg.com/is-number/-/is-number-7.0.0.tgz#7535345b896734d5f80c4d06c50955527a14f12b"

isbinaryfile@^4.0.8:
  version "4.0.8"
  resolved "https://registry.yarnpkg.com/isbinaryfile/-/isbinaryfile-4.0.8.tgz#5d34b94865bd4946633ecc78a026fc76c5b11fcf"

isexe@^2.0.0:
  version "2.0.0"
  resolved "https://registry.yarnpkg.com/isexe/-/isexe-2.0.0.tgz#e8fbf374dc556ff8947a10dcb0572d633f2cfa10"

jsonfile@^6.0.1:
  version "6.1.0"
  resolved "https://registry.yarnpkg.com/jsonfile/-/jsonfile-6.1.0.tgz#bc55b2634793c679ec6403094eb13698a6ec0aae"
  dependencies:
    universalify "^2.0.0"
  optionalDependencies:
    graceful-fs "^4.1.6"

karma-chrome-launcher@^2.2.0:
  version "2.2.0"
  resolved "https://registry.yarnpkg.com/karma-chrome-launcher/-/karma-chrome-launcher-2.2.0.tgz#cf1b9d07136cc18fe239327d24654c3dbc368acf"
  dependencies:
    fs-access "^1.0.0"
    which "^1.2.1"

karma-cljs-test@^0.1.0:
  version "0.1.0"
  resolved "https://registry.yarnpkg.com/karma-cljs-test/-/karma-cljs-test-0.1.0.tgz#cb8605ef0e11f9a6f6d28f56ba5dbdf26f389923"

karma-firefox-launcher@^1.1.0:
  version "1.1.0"
  resolved "https://registry.yarnpkg.com/karma-firefox-launcher/-/karma-firefox-launcher-1.1.0.tgz#2c47030452f04531eb7d13d4fc7669630bb93339"

karma@^6.3.14:
  version "6.3.14"
  resolved "https://registry.yarnpkg.com/karma/-/karma-6.3.14.tgz#1ed57a489249b9260bc604325ae333766d4cddc9"
  dependencies:
    body-parser "^1.19.0"
    braces "^3.0.2"
    chokidar "^3.5.1"
    colors "1.4.0"
    connect "^3.7.0"
    di "^0.0.1"
    dom-serialize "^2.2.1"
    glob "^7.1.7"
    graceful-fs "^4.2.6"
    http-proxy "^1.18.1"
    isbinaryfile "^4.0.8"
    lodash "^4.17.21"
    log4js "^6.4.1"
    mime "^2.5.2"
    minimatch "^3.0.4"
    qjobs "^1.2.0"
    range-parser "^1.2.1"
    rimraf "^3.0.2"
    socket.io "^4.2.0"
    source-map "^0.6.1"
    tmp "^0.2.1"
    ua-parser-js "^0.7.30"
    yargs "^16.1.1"

lodash@^4.17.21:
  version "4.17.21"
  resolved "https://registry.yarnpkg.com/lodash/-/lodash-4.17.21.tgz#679591c564c3bffaae8454cf0b3df370c3d6911c"

log4js@^6.4.1:
  version "6.4.1"
  resolved "https://registry.yarnpkg.com/log4js/-/log4js-6.4.1.tgz#9d3a8bf2c31c1e213fe3fc398a6053f7a2bc53e8"
  dependencies:
    date-format "^4.0.3"
    debug "^4.3.3"
    flatted "^3.2.4"
    rfdc "^1.3.0"
    streamroller "^3.0.2"

media-typer@0.3.0:
  version "0.3.0"
  resolved "https://registry.yarnpkg.com/media-typer/-/media-typer-0.3.0.tgz#8710d7af0aa626f8fffa1ce00168545263255748"

mime-db@1.51.0:
  version "1.51.0"
  resolved "https://registry.yarnpkg.com/mime-db/-/mime-db-1.51.0.tgz#d9ff62451859b18342d960850dc3cfb77e63fb0c"

mime-db@~1.33.0:
  version "1.33.0"
  resolved "https://registry.yarnpkg.com/mime-db/-/mime-db-1.33.0.tgz#a3492050a5cb9b63450541e39d9788d2272783db"

mime-types@~2.1.18:
  version "2.1.18"
  resolved "https://registry.yarnpkg.com/mime-types/-/mime-types-2.1.18.tgz#6f323f60a83d11146f831ff11fd66e2fe5503bb8"
  dependencies:
    mime-db "~1.33.0"

mime-types@~2.1.24:
  version "2.1.34"
  resolved "https://registry.yarnpkg.com/mime-types/-/mime-types-2.1.34.tgz#5a712f9ec1503511a945803640fafe09d3793c24"
  dependencies:
    mime-db "1.51.0"

mime@^2.5.2:
  version "2.6.0"
  resolved "https://registry.yarnpkg.com/mime/-/mime-2.6.0.tgz#a2a682a95cd4d0cb1d6257e28f83da7e35800367"

minimatch@^3.0.4:
  version "3.0.4"
  resolved "https://registry.yarnpkg.com/minimatch/-/minimatch-3.0.4.tgz#5166e286457f03306064be5497e8dbb0c3d32083"
  dependencies:
    brace-expansion "^1.1.7"

ms@2.0.0:
  version "2.0.0"
  resolved "https://registry.yarnpkg.com/ms/-/ms-2.0.0.tgz#5608aeadfc00be6c2901df5f9861788de0d597c8"

ms@2.1.2:
  version "2.1.2"
  resolved "https://registry.yarnpkg.com/ms/-/ms-2.1.2.tgz#d09d1f357b443f493382a8eb3ccd183872ae6009"

negotiator@0.6.1:
  version "0.6.1"
  resolved "https://registry.yarnpkg.com/negotiator/-/negotiator-0.6.1.tgz#2b327184e8992101177b28563fb5e7102acd0ca9"

normalize-path@^3.0.0, normalize-path@~3.0.0:
  version "3.0.0"
  resolved "https://registry.yarnpkg.com/normalize-path/-/normalize-path-3.0.0.tgz#0dcd69ff23a1c9b11fd0978316644a0388216a65"

null-check@^1.0.0:
  version "1.0.0"
  resolved "https://registry.yarnpkg.com/null-check/-/null-check-1.0.0.tgz#977dffd7176012b9ec30d2a39db5cf72a0439edd"

object-assign@^4:
  version "4.1.1"
  resolved "https://registry.yarnpkg.com/object-assign/-/object-assign-4.1.1.tgz#2109adc7965887cfc05cbbd442cac8bfbb360863"

on-finished@~2.3.0:
  version "2.3.0"
  resolved "https://registry.yarnpkg.com/on-finished/-/on-finished-2.3.0.tgz#20f1336481b083cd75337992a16971aa2d906947"
  dependencies:
    ee-first "1.1.1"

once@^1.3.0:
  version "1.4.0"
  resolved "https://registry.yarnpkg.com/once/-/once-1.4.0.tgz#583b1aa775961d4b113ac17d9c50baef9dd76bd1"
  dependencies:
    wrappy "1"

parseurl@~1.3.3:
  version "1.3.3"
  resolved "https://registry.yarnpkg.com/parseurl/-/parseurl-1.3.3.tgz#9da19e7bee8d12dff0513ed5b76957793bc2e8d4"

path-is-absolute@^1.0.0:
  version "1.0.1"
  resolved "https://registry.yarnpkg.com/path-is-absolute/-/path-is-absolute-1.0.1.tgz#174b9268735534ffbc7ace6bf53a5a9e1b5c5f5f"

picomatch@^2.0.4, picomatch@^2.2.1:
  version "2.3.1"
  resolved "https://registry.yarnpkg.com/picomatch/-/picomatch-2.3.1.tgz#3ba3833733646d9d3e4995946c1365a67fb07a42"

qjobs@^1.2.0:
  version "1.2.0"
  resolved "https://registry.yarnpkg.com/qjobs/-/qjobs-1.2.0.tgz#c45e9c61800bd087ef88d7e256423bdd49e5d071"

qs@6.9.6:
  version "6.9.6"
  resolved "https://registry.yarnpkg.com/qs/-/qs-6.9.6.tgz#26ed3c8243a431b2924aca84cc90471f35d5a0ee"

range-parser@^1.2.1:
  version "1.2.1"
  resolved "https://registry.yarnpkg.com/range-parser/-/range-parser-1.2.1.tgz#3cf37023d199e1c24d1a55b84800c2f3e6468031"

raw-body@2.4.2:
  version "2.4.2"
  resolved "https://registry.yarnpkg.com/raw-body/-/raw-body-2.4.2.tgz#baf3e9c21eebced59dd6533ac872b71f7b61cb32"
  dependencies:
    bytes "3.1.1"
    http-errors "1.8.1"
    iconv-lite "0.4.24"
    unpipe "1.0.0"

readdirp@~3.6.0:
  version "3.6.0"
  resolved "https://registry.yarnpkg.com/readdirp/-/readdirp-3.6.0.tgz#74a370bd857116e245b29cc97340cd431a02a6c7"
  dependencies:
    picomatch "^2.2.1"

require-directory@^2.1.1:
  version "2.1.1"
  resolved "https://registry.yarnpkg.com/require-directory/-/require-directory-2.1.1.tgz#8c64ad5fd30dab1c976e2344ffe7f792a6a6df42"

requires-port@^1.0.0:
  version "1.0.0"
  resolved "https://registry.yarnpkg.com/requires-port/-/requires-port-1.0.0.tgz#925d2601d39ac485e091cf0da5c6e694dc3dcaff"

rfdc@^1.3.0:
  version "1.3.0"
  resolved "https://registry.yarnpkg.com/rfdc/-/rfdc-1.3.0.tgz#d0b7c441ab2720d05dc4cf26e01c89631d9da08b"

rimraf@^3.0.0, rimraf@^3.0.2:
  version "3.0.2"
  resolved "https://registry.yarnpkg.com/rimraf/-/rimraf-3.0.2.tgz#f1a5402ba6220ad52cc1282bac1ae3aa49fd061a"
  dependencies:
    glob "^7.1.3"

"safer-buffer@>= 2.1.2 < 3":
  version "2.1.2"
  resolved "https://registry.yarnpkg.com/safer-buffer/-/safer-buffer-2.1.2.tgz#44fa161b0187b9549dd84bb91802f9bd8385cd6a"

setprototypeof@1.2.0:
  version "1.2.0"
  resolved "https://registry.yarnpkg.com/setprototypeof/-/setprototypeof-1.2.0.tgz#66c9a24a73f9fc28cbe66b09fed3d33dcaf1b424"

socket.io-adapter@~2.3.3:
  version "2.3.3"
  resolved "https://registry.yarnpkg.com/socket.io-adapter/-/socket.io-adapter-2.3.3.tgz#4d6111e4d42e9f7646e365b4f578269821f13486"

socket.io-parser@~4.0.4:
  version "4.0.4"
  resolved "https://registry.yarnpkg.com/socket.io-parser/-/socket.io-parser-4.0.4.tgz#9ea21b0d61508d18196ef04a2c6b9ab630f4c2b0"
  dependencies:
    "@types/component-emitter" "^1.2.10"
    component-emitter "~1.3.0"
    debug "~4.3.1"

socket.io@^4.2.0:
  version "4.4.1"
  resolved "https://registry.yarnpkg.com/socket.io/-/socket.io-4.4.1.tgz#cd6de29e277a161d176832bb24f64ee045c56ab8"
  dependencies:
    accepts "~1.3.4"
    base64id "~2.0.0"
    debug "~4.3.2"
    engine.io "~6.1.0"
    socket.io-adapter "~2.3.3"
    socket.io-parser "~4.0.4"

source-map@^0.6.1:
  version "0.6.1"
  resolved "https://registry.yarnpkg.com/source-map/-/source-map-0.6.1.tgz#74722af32e9614e9c287a8d0bbde48b5e2f1a263"

"statuses@>= 1.5.0 < 2", statuses@~1.5.0:
  version "1.5.0"
  resolved "https://registry.yarnpkg.com/statuses/-/statuses-1.5.0.tgz#161c7dac177659fd9811f43771fa99381478628c"

streamroller@^3.0.2:
  version "3.0.2"
  resolved "https://registry.yarnpkg.com/streamroller/-/streamroller-3.0.2.tgz#30418d0eee3d6c93ec897f892ed098e3a81e68b7"
  dependencies:
    date-format "^4.0.3"
    debug "^4.1.1"
    fs-extra "^10.0.0"

string-width@^4.1.0, string-width@^4.2.0:
  version "4.2.3"
  resolved "https://registry.yarnpkg.com/string-width/-/string-width-4.2.3.tgz#269c7117d27b05ad2e536830a8ec895ef9c6d010"
  dependencies:
    emoji-regex "^8.0.0"
    is-fullwidth-code-point "^3.0.0"
    strip-ansi "^6.0.1"

strip-ansi@^6.0.0, strip-ansi@^6.0.1:
  version "6.0.1"
  resolved "https://registry.yarnpkg.com/strip-ansi/-/strip-ansi-6.0.1.tgz#9e26c63d30f53443e9489495b2105d37b67a85d9"
  dependencies:
    ansi-regex "^5.0.1"

tmp@^0.2.1:
  version "0.2.1"
  resolved "https://registry.yarnpkg.com/tmp/-/tmp-0.2.1.tgz#8457fc3037dcf4719c251367a1af6500ee1ccf14"
  dependencies:
    rimraf "^3.0.0"

to-regex-range@^5.0.1:
  version "5.0.1"
  resolved "https://registry.yarnpkg.com/to-regex-range/-/to-regex-range-5.0.1.tgz#1648c44aae7c8d988a326018ed72f5b4dd0392e4"
  dependencies:
    is-number "^7.0.0"

toidentifier@1.0.1:
  version "1.0.1"
  resolved "https://registry.yarnpkg.com/toidentifier/-/toidentifier-1.0.1.tgz#3be34321a88a820ed1bd80dfaa33e479fbb8dd35"

type-is@~1.6.18:
  version "1.6.18"
  resolved "https://registry.yarnpkg.com/type-is/-/type-is-1.6.18.tgz#4e552cd05df09467dcbc4ef739de89f2cf37c131"
  dependencies:
    media-typer "0.3.0"
    mime-types "~2.1.24"

ua-parser-js@^0.7.30:
  version "0.7.31"
  resolved "https://registry.yarnpkg.com/ua-parser-js/-/ua-parser-js-0.7.31.tgz#649a656b191dffab4f21d5e053e27ca17cbff5c6"

universalify@^2.0.0:
  version "2.0.0"
  resolved "https://registry.yarnpkg.com/universalify/-/universalify-2.0.0.tgz#75a4984efedc4b08975c5aeb73f530d02df25717"

unpipe@1.0.0, unpipe@~1.0.0:
  version "1.0.0"
  resolved "https://registry.yarnpkg.com/unpipe/-/unpipe-1.0.0.tgz#b2bf4ee8514aae6165b4817829d21b2ef49904ec"

utils-merge@1.0.1:
  version "1.0.1"
  resolved "https://registry.yarnpkg.com/utils-merge/-/utils-merge-1.0.1.tgz#9f95710f50a267947b2ccc124741c1028427e713"

vary@^1:
  version "1.1.2"
  resolved "https://registry.yarnpkg.com/vary/-/vary-1.1.2.tgz#2299f02c6ded30d4a5961b0b9f74524a18f634fc"

void-elements@^2.0.0:
  version "2.0.1"
  resolved "https://registry.yarnpkg.com/void-elements/-/void-elements-2.0.1.tgz#c066afb582bb1cb4128d60ea92392e94d5e9dbec"

which@^1.2.1:
  version "1.3.1"
  resolved "https://registry.yarnpkg.com/which/-/which-1.3.1.tgz#a45043d54f5805316da8d62f9f50918d3da70b0a"
  dependencies:
    isexe "^2.0.0"

wrap-ansi@^7.0.0:
  version "7.0.0"
  resolved "https://registry.yarnpkg.com/wrap-ansi/-/wrap-ansi-7.0.0.tgz#67e145cff510a6a6984bdf1152911d69d2eb9e43"
  dependencies:
    ansi-styles "^4.0.0"
    string-width "^4.1.0"
    strip-ansi "^6.0.0"

wrappy@1:
  version "1.0.2"
  resolved "https://registry.yarnpkg.com/wrappy/-/wrappy-1.0.2.tgz#b5243d8f3ec1aa35f1364605bc0d1036e30ab69f"

ws@~8.2.3:
  version "8.2.3"
  resolved "https://registry.yarnpkg.com/ws/-/ws-8.2.3.tgz#63a56456db1b04367d0b721a0b80cae6d8becbba"

y18n@^5.0.5:
  version "5.0.8"
  resolved "https://registry.yarnpkg.com/y18n/-/y18n-5.0.8.tgz#7f4934d0f7ca8c56f95314939ddcd2dd91ce1d55"

yargs-parser@^20.2.2:
  version "20.2.9"
  resolved "https://registry.yarnpkg.com/yargs-parser/-/yargs-parser-20.2.9.tgz#2eb7dc3b0289718fc295f362753845c41a0c94ee"

yargs@^16.1.1:
  version "16.2.0"
  resolved "https://registry.yarnpkg.com/yargs/-/yargs-16.2.0.tgz#1c82bf0f6b6a66eafce7ef30e376f49a12477f66"
  dependencies:
    cliui "^7.0.2"
    escalade "^3.1.1"
    get-caller-file "^2.0.5"
    require-directory "^2.1.1"
    string-width "^4.2.0"
    y18n "^5.0.5"
    yargs-parser "^20.2.2"
